
Microsoft Visual Studio Solution File, Format Version 12.00
# Visual Studio Version 17
VisualStudioVersion = 17.6.33829.357
MinimumVisualStudioVersion = 10.0.40219.1
Project("{FAE04EC0-301F-11D3-BF4B-00C04F79EFBC}") = "home work11_c#2", "home work11_c#2.csproj", "{29F31982-EBCF-40E1-BD73-858A935DF17E}"
EndProject
Global
	GlobalSection(SolutionConfigurationPlatforms) = preSolution
		Debug|Any CPU = Debug|Any CPU
		Release|Any CPU = Release|Any CPU
	EndGlobalSection
	GlobalSection(ProjectConfigurationPlatforms) = postSolution
		{29F31982-EBCF-40E1-BD73-858A935DF17E}.Debug|Any CPU.ActiveCfg = Debug|Any CPU
		{29F31982-EBCF-40E1-BD73-858A935DF17E}.Debug|Any CPU.Build.0 = Debug|Any CPU
		{29F31982-EBCF-40E1-BD73-858A935DF17E}.Release|Any CPU.ActiveCfg = Release|Any CPU
		{29F31982-EBCF-40E1-BD73-858A935DF17E}.Release|Any CPU.Build.0 = Release|Any CPU
	EndGlobalSection
	GlobalSection(SolutionProperties) = preSolution
		HideSolutionNode = FALSE
	EndGlobalSection
	GlobalSection(ExtensibilityGlobals) = postSolution
		SolutionGuid = {9E50CB34-FD48-4636-86E5-61F79C5854EE}
	EndGlobalSection
EndGlobal
