
Microsoft Visual Studio Solution File, Format Version 12.00
# Visual Studio Version 17
VisualStudioVersion = 17.6.33829.357
MinimumVisualStudioVersion = 10.0.40219.1
Project("{FAE04EC0-301F-11D3-BF4B-00C04F79EFBC}") = "home work3_c#2", "home work3_c#2.csproj", "{818FE8B1-FD47-45EF-80FE-7E3D7422F14E}"
EndProject
Global
	GlobalSection(SolutionConfigurationPlatforms) = preSolution
		Debug|Any CPU = Debug|Any CPU
		Release|Any CPU = Release|Any CPU
	EndGlobalSection
	GlobalSection(ProjectConfigurationPlatforms) = postSolution
		{818FE8B1-FD47-45EF-80FE-7E3D7422F14E}.Debug|Any CPU.ActiveCfg = Debug|Any CPU
		{818FE8B1-FD47-45EF-80FE-7E3D7422F14E}.Debug|Any CPU.Build.0 = Debug|Any CPU
		{818FE8B1-FD47-45EF-80FE-7E3D7422F14E}.Release|Any CPU.ActiveCfg = Release|Any CPU
		{818FE8B1-FD47-45EF-80FE-7E3D7422F14E}.Release|Any CPU.Build.0 = Release|Any CPU
	EndGlobalSection
	GlobalSection(SolutionProperties) = preSolution
		HideSolutionNode = FALSE
	EndGlobalSection
	GlobalSection(ExtensibilityGlobals) = postSolution
		SolutionGuid = {CA25723E-EE03-4332-817B-70D5B2AFC459}
	EndGlobalSection
EndGlobal
