
Microsoft Visual Studio Solution File, Format Version 12.00
# Visual Studio Version 17
VisualStudioVersion = 17.6.33829.357
MinimumVisualStudioVersion = 10.0.40219.1
Project("{FAE04EC0-301F-11D3-BF4B-00C04F79EFBC}") = "home work9_c#2", "home work9_c#2.csproj", "{B3DBE102-4E1F-4060-94A4-290B85517433}"
EndProject
Global
	GlobalSection(SolutionConfigurationPlatforms) = preSolution
		Debug|Any CPU = Debug|Any CPU
		Release|Any CPU = Release|Any CPU
	EndGlobalSection
	GlobalSection(ProjectConfigurationPlatforms) = postSolution
		{B3DBE102-4E1F-4060-94A4-290B85517433}.Debug|Any CPU.ActiveCfg = Debug|Any CPU
		{B3DBE102-4E1F-4060-94A4-290B85517433}.Debug|Any CPU.Build.0 = Debug|Any CPU
		{B3DBE102-4E1F-4060-94A4-290B85517433}.Release|Any CPU.ActiveCfg = Release|Any CPU
		{B3DBE102-4E1F-4060-94A4-290B85517433}.Release|Any CPU.Build.0 = Release|Any CPU
	EndGlobalSection
	GlobalSection(SolutionProperties) = preSolution
		HideSolutionNode = FALSE
	EndGlobalSection
	GlobalSection(ExtensibilityGlobals) = postSolution
		SolutionGuid = {9A5D2A0E-2FF1-4A37-B649-9C8C93EA5C4B}
	EndGlobalSection
EndGlobal
