
Microsoft Visual Studio Solution File, Format Version 12.00
# Visual Studio Version 17
VisualStudioVersion = 17.6.33829.357
MinimumVisualStudioVersion = 10.0.40219.1
Project("{FAE04EC0-301F-11D3-BF4B-00C04F79EFBC}") = "home work2_c#2", "home work2_c#2.csproj", "{5D576D67-AFFA-45BA-8B06-41565626969F}"
EndProject
Global
	GlobalSection(SolutionConfigurationPlatforms) = preSolution
		Debug|Any CPU = Debug|Any CPU
		Release|Any CPU = Release|Any CPU
	EndGlobalSection
	GlobalSection(ProjectConfigurationPlatforms) = postSolution
		{5D576D67-AFFA-45BA-8B06-41565626969F}.Debug|Any CPU.ActiveCfg = Debug|Any CPU
		{5D576D67-AFFA-45BA-8B06-41565626969F}.Debug|Any CPU.Build.0 = Debug|Any CPU
		{5D576D67-AFFA-45BA-8B06-41565626969F}.Release|Any CPU.ActiveCfg = Release|Any CPU
		{5D576D67-AFFA-45BA-8B06-41565626969F}.Release|Any CPU.Build.0 = Release|Any CPU
	EndGlobalSection
	GlobalSection(SolutionProperties) = preSolution
		HideSolutionNode = FALSE
	EndGlobalSection
	GlobalSection(ExtensibilityGlobals) = postSolution
		SolutionGuid = {34D0467E-B29A-4011-8408-E34E04F5B69C}
	EndGlobalSection
EndGlobal
